
Microsoft Visual Studio Solution File, Format Version 12.00
# Visual Studio 2015
Project("{FAE04EC0-301F-11D3-BF4B-00C04F79EFBC}") = "NewsNet.CSharp", "NewsNet.CSharp.csproj", "{AB3B59A4-B41F-B6AF-B8CF-AE7F0E4997D8}"
EndProject
Global
	GlobalSection(SolutionConfigurationPlatforms) = preSolution
		Debug|Any CPU = Debug|Any CPU
		Release|Any CPU = Release|Any CPU
	EndGlobalSection
	GlobalSection(ProjectConfigurationPlatforms) = postSolution
		{AB3B59A4-B41F-B6AF-B8CF-AE7F0E4997D8}.Debug|Any CPU.ActiveCfg = Debug|Any CPU
		{AB3B59A4-B41F-B6AF-B8CF-AE7F0E4997D8}.Debug|Any CPU.Build.0 = Debug|Any CPU
		{AB3B59A4-B41F-B6AF-B8CF-AE7F0E4997D8}.Release|Any CPU.ActiveCfg = Release|Any CPU
		{AB3B59A4-B41F-B6AF-B8CF-AE7F0E4997D8}.Release|Any CPU.Build.0 = Release|Any CPU
	EndGlobalSection
	GlobalSection(SolutionProperties) = preSolution
		HideSolutionNode = FALSE
	EndGlobalSection
EndGlobal
